
Microsoft Visual Studio Solution File, Format Version 12.00
# Visual Studio Version 16
VisualStudioVersion = 16.0.29911.84
MinimumVisualStudioVersion = 10.0.40219.1
Project("{9A19103F-16F7-4668-BE54-9A1E7A4F7556}") = "WebCrawlerCore", "WebCrawlerCore.csproj", "{A2B72441-2426-42D7-B8A4-DCFD7E4D1235}"
EndProject
Project("{FAE04EC0-301F-11D3-BF4B-00C04F79EFBC}") = "WebCrawlerTests", "..\WebCrawlerTests\WebCrawlerTests.csproj", "{415A6E41-6591-4517-A25D-6FBFE50D894F}"
EndProject
Global
	GlobalSection(SolutionConfigurationPlatforms) = preSolution
		Debug|Any CPU = Debug|Any CPU
		Release|Any CPU = Release|Any CPU
	EndGlobalSection
	GlobalSection(ProjectConfigurationPlatforms) = postSolution
		{A2B72441-2426-42D7-B8A4-DCFD7E4D1235}.Debug|Any CPU.ActiveCfg = Debug|Any CPU
		{A2B72441-2426-42D7-B8A4-DCFD7E4D1235}.Debug|Any CPU.Build.0 = Debug|Any CPU
		{A2B72441-2426-42D7-B8A4-DCFD7E4D1235}.Release|Any CPU.ActiveCfg = Release|Any CPU
		{A2B72441-2426-42D7-B8A4-DCFD7E4D1235}.Release|Any CPU.Build.0 = Release|Any CPU
		{415A6E41-6591-4517-A25D-6FBFE50D894F}.Debug|Any CPU.ActiveCfg = Debug|Any CPU
		{415A6E41-6591-4517-A25D-6FBFE50D894F}.Debug|Any CPU.Build.0 = Debug|Any CPU
		{415A6E41-6591-4517-A25D-6FBFE50D894F}.Release|Any CPU.ActiveCfg = Release|Any CPU
		{415A6E41-6591-4517-A25D-6FBFE50D894F}.Release|Any CPU.Build.0 = Release|Any CPU
	EndGlobalSection
	GlobalSection(SolutionProperties) = preSolution
		HideSolutionNode = FALSE
	EndGlobalSection
	GlobalSection(ExtensibilityGlobals) = postSolution
		SolutionGuid = {4FAC8D6C-4F2D-41AE-BB12-B5247B98DB98}
	EndGlobalSection
EndGlobal
